{
  "originHash" : "1ecf75d5a135fadc9a2527fcae2a12e7c7743a410367cecadabddd1fbc59f6e6",
  "pins" : [
    {
      "identity" : "alamofire",
      "kind" : "remoteSourceControl",
      "location" : "https://github.com/Alamofire/Alamofire",
      "state" : {
        "revision" : "513364f870f6bfc468f9d2ff0a95caccc10044c5",
        "version" : "5.10.2"
      }
    },
    {
      "identity" : "kingfisher",
      "kind" : "remoteSourceControl",
      "location" : "https://github.com/onevcat/Kingfisher.git",
      "state" : {
        "revision" : "2015fda791daa72c8058619545a593bf8c1dd59f",
        "version" : "8.5.0"
      }
    },
    {
      "identity" : "rxgesture",
      "kind" : "remoteSourceControl",
      "location" : "https://github.com/RxSwiftCommunity/RxGesture.git",
      "state" : {
        "revision" : "1b137c576b4aaaab949235752278956697c9e4a0",
        "version" : "4.0.4"
      }
    },
    {
      "identity" : "rxswift",
      "kind" : "remoteSourceControl",
      "location" : "https://github.com/ReactiveX/RxSwift.git",
      "state" : {
        "revision" : "5dd1907d64f0d36f158f61a466bab75067224893",
        "version" : "6.9.0"
      }
    },
    {
      "identity" : "snapkit",
      "kind" : "remoteSourceControl",
      "location" : "https://github.com/SnapKit/SnapKit",
      "state" : {
        "revision" : "2842e6e84e82eb9a8dac0100ca90d9444b0307f4",
        "version" : "5.7.1"
      }
    },
    {
      "identity" : "toast-swift",
      "kind" : "remoteSourceControl",
      "location" : "https://github.com/scalessec/Toast-Swift",
      "state" : {
        "revision" : "ddccd20d6fb718448d9b179c454c561653fda7d5",
        "version" : "5.1.1"
      }
    }
  ],
  "version" : 3
}
